
Microsoft Visual Studio Solution File, Format Version 12.00
# Visual Studio 15
VisualStudioVersion = 15.0.27703.2042
MinimumVisualStudioVersion = 10.0.40219.1
Project("{FAE04EC0-301F-11D3-BF4B-00C04F79EFBC}") = "FinderTrace", "FinderTrace\FinderTrace.csproj", "{03B99634-2658-4654-A1BA-8989101E9372}"
EndProject
Global
	GlobalSection(SolutionConfigurationPlatforms) = preSolution
		Debug|Any CPU = Debug|Any CPU
		Release|Any CPU = Release|Any CPU
	EndGlobalSection
	GlobalSection(ProjectConfigurationPlatforms) = postSolution
		{03B99634-2658-4654-A1BA-8989101E9372}.Debug|Any CPU.ActiveCfg = Debug|Any CPU
		{03B99634-2658-4654-A1BA-8989101E9372}.Debug|Any CPU.Build.0 = Debug|Any CPU
		{03B99634-2658-4654-A1BA-8989101E9372}.Release|Any CPU.ActiveCfg = Release|Any CPU
		{03B99634-2658-4654-A1BA-8989101E9372}.Release|Any CPU.Build.0 = Release|Any CPU
	EndGlobalSection
	GlobalSection(SolutionProperties) = preSolution
		HideSolutionNode = FALSE
	EndGlobalSection
	GlobalSection(ExtensibilityGlobals) = postSolution
		SolutionGuid = {8F76AED7-CE07-4404-A6F7-113A2BD30CDC}
	EndGlobalSection
EndGlobal
